
Microsoft Visual Studio Solution File, Format Version 12.00
# Visual Studio Version 16
VisualStudioVersion = 16.0.810.25
MinimumVisualStudioVersion = 10.0.40219.1
Project("{FAE04EC0-301F-11D3-BF4B-00C04F79EFBC}") = "todolist01", "todolist01\todolist01.csproj", "{D1AAC252-7EBC-4989-A5B8-707F1A65187A}"
EndProject
Global
	GlobalSection(SolutionConfigurationPlatforms) = preSolution
		Debug|Any CPU = Debug|Any CPU
		Release|Any CPU = Release|Any CPU
	EndGlobalSection
	GlobalSection(ProjectConfigurationPlatforms) = postSolution
		{D1AAC252-7EBC-4989-A5B8-707F1A65187A}.Debug|Any CPU.ActiveCfg = Debug|Any CPU
		{D1AAC252-7EBC-4989-A5B8-707F1A65187A}.Debug|Any CPU.Build.0 = Debug|Any CPU
		{D1AAC252-7EBC-4989-A5B8-707F1A65187A}.Release|Any CPU.ActiveCfg = Release|Any CPU
		{D1AAC252-7EBC-4989-A5B8-707F1A65187A}.Release|Any CPU.Build.0 = Release|Any CPU
	EndGlobalSection
	GlobalSection(SolutionProperties) = preSolution
		HideSolutionNode = FALSE
	EndGlobalSection
	GlobalSection(ExtensibilityGlobals) = postSolution
		SolutionGuid = {AD4DEC73-CBF0-45CB-8224-3AAC90E4D982}
	EndGlobalSection
EndGlobal
